// !$*UTF8*$!
{
	archiveVersion = 1;
	classes = {
	};
	objectVersion = 46;
	objects = {

/* Begin PBXBuildFile section */
		1B719E27F81DA6215C17B300 /* libPods.a in Frameworks */ = {isa = PBXBuildFile; fileRef = 11BC82D0BB446A616A690EAA /* libPods.a */; };
		2A2445E91D39571C0053A2F7 /* PtoAcopioDetailViewController.m in Sources */ = {isa = PBXBuildFile; fileRef = 2A2445E81D39571C0053A2F7 /* PtoAcopioDetailViewController.m */; };
		2A2445EC1D395E820053A2F7 /* NeedTableViewCell.m in Sources */ = {isa = PBXBuildFile; fileRef = 2A2445EB1D395E820053A2F7 /* NeedTableViewCell.m */; };
		2A7A42FD1D349F710015D71F /* PuntoAcopio.m in Sources */ = {isa = PBXBuildFile; fileRef = 2A7A42FC1D349F710015D71F /* PuntoAcopio.m */; };
		2A7A43031D34A3B10015D71F /* Need.m in Sources */ = {isa = PBXBuildFile; fileRef = 2A7A43021D34A3B10015D71F /* Need.m */; };
		2A7A43061D34A6030015D71F /* Contact.m in Sources */ = {isa = PBXBuildFile; fileRef = 2A7A43051D34A6030015D71F /* Contact.m */; };
		2ADD66011D30A56A00383408 /* main.m in Sources */ = {isa = PBXBuildFile; fileRef = 2ADD66001D30A56A00383408 /* main.m */; };
		2ADD66041D30A56A00383408 /* AppDelegate.m in Sources */ = {isa = PBXBuildFile; fileRef = 2ADD66031D30A56A00383408 /* AppDelegate.m */; };
		2ADD66071D30A56A00383408 /* ViewController.m in Sources */ = {isa = PBXBuildFile; fileRef = 2ADD66061D30A56A00383408 /* ViewController.m */; };
		2ADD660A1D30A56A00383408 /* Main.storyboard in Resources */ = {isa = PBXBuildFile; fileRef = 2ADD66081D30A56A00383408 /* Main.storyboard */; };
		2ADD660C1D30A56A00383408 /* Assets.xcassets in Resources */ = {isa = PBXBuildFile; fileRef = 2ADD660B1D30A56A00383408 /* Assets.xcassets */; };
		2ADD660F1D30A56A00383408 /* LaunchScreen.storyboard in Resources */ = {isa = PBXBuildFile; fileRef = 2ADD660D1D30A56A00383408 /* LaunchScreen.storyboard */; };
		2ADD661A1D30A56A00383408 /* EulaliaTests.m in Sources */ = {isa = PBXBuildFile; fileRef = 2ADD66191D30A56A00383408 /* EulaliaTests.m */; };
		2ADD66251D30A56A00383408 /* EulaliaUITests.m in Sources */ = {isa = PBXBuildFile; fileRef = 2ADD66241D30A56A00383408 /* EulaliaUITests.m */; };
		2ADD66341D30C4E200383408 /* DataService.m in Sources */ = {isa = PBXBuildFile; fileRef = 2ADD66331D30C4E200383408 /* DataService.m */; };
		2ADD66371D30CBD200383408 /* Emergencia.m in Sources */ = {isa = PBXBuildFile; fileRef = 2ADD66361D30CBD200383408 /* Emergencia.m */; };
		2ADD663B1D30DBC100383408 /* PtoAcopioViewController.m in Sources */ = {isa = PBXBuildFile; fileRef = 2ADD663A1D30DBC100383408 /* PtoAcopioViewController.m */; };
/* End PBXBuildFile section */

/* Begin PBXContainerItemProxy section */
		2ADD66161D30A56A00383408 /* PBXContainerItemProxy */ = {
			isa = PBXContainerItemProxy;
			containerPortal = 2ADD65F41D30A56A00383408 /* Project object */;
			proxyType = 1;
			remoteGlobalIDString = 2ADD65FB1D30A56A00383408;
			remoteInfo = Eulalia;
		};
		2ADD66211D30A56A00383408 /* PBXContainerItemProxy */ = {
			isa = PBXContainerItemProxy;
			containerPortal = 2ADD65F41D30A56A00383408 /* Project object */;
			proxyType = 1;
			remoteGlobalIDString = 2ADD65FB1D30A56A00383408;
			remoteInfo = Eulalia;
		};
/* End PBXContainerItemProxy section */

/* Begin PBXFileReference section */
		11BC82D0BB446A616A690EAA /* libPods.a */ = {isa = PBXFileReference; explicitFileType = archive.ar; includeInIndex = 0; path = libPods.a; sourceTree = BUILT_PRODUCTS_DIR; };
		2A2445E71D39571C0053A2F7 /* PtoAcopioDetailViewController.h */ = {isa = PBXFileReference; fileEncoding = 4; lastKnownFileType = sourcecode.c.h; path = PtoAcopioDetailViewController.h; sourceTree = "<group>"; };
		2A2445E81D39571C0053A2F7 /* PtoAcopioDetailViewController.m */ = {isa = PBXFileReference; fileEncoding = 4; lastKnownFileType = sourcecode.c.objc; path = PtoAcopioDetailViewController.m; sourceTree = "<group>"; };
		2A2445EA1D395E820053A2F7 /* NeedTableViewCell.h */ = {isa = PBXFileReference; fileEncoding = 4; lastKnownFileType = sourcecode.c.h; path = NeedTableViewCell.h; sourceTree = "<group>"; };
		2A2445EB1D395E820053A2F7 /* NeedTableViewCell.m */ = {isa = PBXFileReference; fileEncoding = 4; lastKnownFileType = sourcecode.c.objc; path = NeedTableViewCell.m; sourceTree = "<group>"; };
		2A7A42FB1D349F710015D71F /* PuntoAcopio.h */ = {isa = PBXFileReference; fileEncoding = 4; lastKnownFileType = sourcecode.c.h; path = PuntoAcopio.h; sourceTree = "<group>"; };
		2A7A42FC1D349F710015D71F /* PuntoAcopio.m */ = {isa = PBXFileReference; fileEncoding = 4; lastKnownFileType = sourcecode.c.objc; path = PuntoAcopio.m; sourceTree = "<group>"; };
		2A7A43011D34A3B10015D71F /* Need.h */ = {isa = PBXFileReference; fileEncoding = 4; lastKnownFileType = sourcecode.c.h; path = Need.h; sourceTree = "<group>"; };
		2A7A43021D34A3B10015D71F /* Need.m */ = {isa = PBXFileReference; fileEncoding = 4; lastKnownFileType = sourcecode.c.objc; path = Need.m; sourceTree = "<group>"; };
		2A7A43041D34A6030015D71F /* Contact.h */ = {isa = PBXFileReference; fileEncoding = 4; lastKnownFileType = sourcecode.c.h; path = Contact.h; sourceTree = "<group>"; };
		2A7A43051D34A6030015D71F /* Contact.m */ = {isa = PBXFileReference; fileEncoding = 4; lastKnownFileType = sourcecode.c.objc; path = Contact.m; sourceTree = "<group>"; };
		2ADD65FC1D30A56A00383408 /* Eulalia.app */ = {isa = PBXFileReference; explicitFileType = wrapper.application; includeInIndex = 0; path = Eulalia.app; sourceTree = BUILT_PRODUCTS_DIR; };
		2ADD66001D30A56A00383408 /* main.m */ = {isa = PBXFileReference; lastKnownFileType = sourcecode.c.objc; path = main.m; sourceTree = "<group>"; };
		2ADD66021D30A56A00383408 /* AppDelegate.h */ = {isa = PBXFileReference; lastKnownFileType = sourcecode.c.h; path = AppDelegate.h; sourceTree = "<group>"; };
		2ADD66031D30A56A00383408 /* AppDelegate.m */ = {isa = PBXFileReference; lastKnownFileType = sourcecode.c.objc; path = AppDelegate.m; sourceTree = "<group>"; };
		2ADD66051D30A56A00383408 /* ViewController.h */ = {isa = PBXFileReference; lastKnownFileType = sourcecode.c.h; path = ViewController.h; sourceTree = "<group>"; };
		2ADD66061D30A56A00383408 /* ViewController.m */ = {isa = PBXFileReference; lastKnownFileType = sourcecode.c.objc; path = ViewController.m; sourceTree = "<group>"; };
		2ADD66091D30A56A00383408 /* Base */ = {isa = PBXFileReference; lastKnownFileType = file.storyboard; name = Base; path = Base.lproj/Main.storyboard; sourceTree = "<group>"; };
		2ADD660B1D30A56A00383408 /* Assets.xcassets */ = {isa = PBXFileReference; lastKnownFileType = folder.assetcatalog; path = Assets.xcassets; sourceTree = "<group>"; };
		2ADD660E1D30A56A00383408 /* Base */ = {isa = PBXFileReference; lastKnownFileType = file.storyboard; name = Base; path = Base.lproj/LaunchScreen.storyboard; sourceTree = "<group>"; };
		2ADD66101D30A56A00383408 /* Info.plist */ = {isa = PBXFileReference; lastKnownFileType = text.plist.xml; path = Info.plist; sourceTree = "<group>"; };
		2ADD66151D30A56A00383408 /* EulaliaTests.xctest */ = {isa = PBXFileReference; explicitFileType = wrapper.cfbundle; includeInIndex = 0; path = EulaliaTests.xctest; sourceTree = BUILT_PRODUCTS_DIR; };
		2ADD66191D30A56A00383408 /* EulaliaTests.m */ = {isa = PBXFileReference; lastKnownFileType = sourcecode.c.objc; path = EulaliaTests.m; sourceTree = "<group>"; };
		2ADD661B1D30A56A00383408 /* Info.plist */ = {isa = PBXFileReference; lastKnownFileType = text.plist.xml; path = Info.plist; sourceTree = "<group>"; };
		2ADD66201D30A56A00383408 /* EulaliaUITests.xctest */ = {isa = PBXFileReference; explicitFileType = wrapper.cfbundle; includeInIndex = 0; path = EulaliaUITests.xctest; sourceTree = BUILT_PRODUCTS_DIR; };
		2ADD66241D30A56A00383408 /* EulaliaUITests.m */ = {isa = PBXFileReference; lastKnownFileType = sourcecode.c.objc; path = EulaliaUITests.m; sourceTree = "<group>"; };
		2ADD66261D30A56A00383408 /* Info.plist */ = {isa = PBXFileReference; lastKnownFileType = text.plist.xml; path = Info.plist; sourceTree = "<group>"; };
		2ADD66321D30C4E200383408 /* DataService.h */ = {isa = PBXFileReference; fileEncoding = 4; lastKnownFileType = sourcecode.c.h; path = DataService.h; sourceTree = "<group>"; };
		2ADD66331D30C4E200383408 /* DataService.m */ = {isa = PBXFileReference; fileEncoding = 4; lastKnownFileType = sourcecode.c.objc; path = DataService.m; sourceTree = "<group>"; };
		2ADD66351D30CBD200383408 /* Emergencia.h */ = {isa = PBXFileReference; fileEncoding = 4; lastKnownFileType = sourcecode.c.h; path = Emergencia.h; sourceTree = "<group>"; };
		2ADD66361D30CBD200383408 /* Emergencia.m */ = {isa = PBXFileReference; fileEncoding = 4; lastKnownFileType = sourcecode.c.objc; path = Emergencia.m; sourceTree = "<group>"; };
		2ADD66391D30DBC100383408 /* PtoAcopioViewController.h */ = {isa = PBXFileReference; fileEncoding = 4; lastKnownFileType = sourcecode.c.h; path = PtoAcopioViewController.h; sourceTree = "<group>"; };
		2ADD663A1D30DBC100383408 /* PtoAcopioViewController.m */ = {isa = PBXFileReference; fileEncoding = 4; lastKnownFileType = sourcecode.c.objc; path = PtoAcopioViewController.m; sourceTree = "<group>"; };
		77B30196BA1E18B1DC33FE81 /* Pods.release.xcconfig */ = {isa = PBXFileReference; includeInIndex = 1; lastKnownFileType = text.xcconfig; name = Pods.release.xcconfig; path = "Pods/Target Support Files/Pods/Pods.release.xcconfig"; sourceTree = "<group>"; };
		EDF9A1A47E07B1E9B3F531A4 /* Pods.debug.xcconfig */ = {isa = PBXFileReference; includeInIndex = 1; lastKnownFileType = text.xcconfig; name = Pods.debug.xcconfig; path = "Pods/Target Support Files/Pods/Pods.debug.xcconfig"; sourceTree = "<group>"; };
/* End PBXFileReference section */

/* Begin PBXFrameworksBuildPhase section */
		2ADD65F91D30A56A00383408 /* Frameworks */ = {
			isa = PBXFrameworksBuildPhase;
			buildActionMask = 2147483647;
			files = (
				1B719E27F81DA6215C17B300 /* libPods.a in Frameworks */,
			);
			runOnlyForDeploymentPostprocessing = 0;
		};
		2ADD66121D30A56A00383408 /* Frameworks */ = {
			isa = PBXFrameworksBuildPhase;
			buildActionMask = 2147483647;
			files = (
			);
			runOnlyForDeploymentPostprocessing = 0;
		};
		2ADD661D1D30A56A00383408 /* Frameworks */ = {
			isa = PBXFrameworksBuildPhase;
			buildActionMask = 2147483647;
			files = (
			);
			runOnlyForDeploymentPostprocessing = 0;
		};
/* End PBXFrameworksBuildPhase section */

/* Begin PBXGroup section */
		0574ADBD5D4E5B739BFC9727 /* Frameworks */ = {
			isa = PBXGroup;
			children = (
				11BC82D0BB446A616A690EAA /* libPods.a */,
			);
			name = Frameworks;
			sourceTree = "<group>";
		};
		2ADD65F31D30A56A00383408 = {
			isa = PBXGroup;
			children = (
				2ADD65FE1D30A56A00383408 /* Eulalia */,
				2ADD66181D30A56A00383408 /* EulaliaTests */,
				2ADD66231D30A56A00383408 /* EulaliaUITests */,
				2ADD65FD1D30A56A00383408 /* Products */,
				7DD7253468DD7DF6F326375E /* Pods */,
				0574ADBD5D4E5B739BFC9727 /* Frameworks */,
			);
			sourceTree = "<group>";
		};
		2ADD65FD1D30A56A00383408 /* Products */ = {
			isa = PBXGroup;
			children = (
				2ADD65FC1D30A56A00383408 /* Eulalia.app */,
				2ADD66151D30A56A00383408 /* EulaliaTests.xctest */,
				2ADD66201D30A56A00383408 /* EulaliaUITests.xctest */,
			);
			name = Products;
			sourceTree = "<group>";
		};
		2ADD65FE1D30A56A00383408 /* Eulalia */ = {
			isa = PBXGroup;
			children = (
				2ADD66381D30CBD900383408 /* Model */,
				2ADD66021D30A56A00383408 /* AppDelegate.h */,
				2ADD66031D30A56A00383408 /* AppDelegate.m */,
				2ADD66051D30A56A00383408 /* ViewController.h */,
				2ADD66061D30A56A00383408 /* ViewController.m */,
				2ADD66391D30DBC100383408 /* PtoAcopioViewController.h */,
				2ADD663A1D30DBC100383408 /* PtoAcopioViewController.m */,
				2A2445E71D39571C0053A2F7 /* PtoAcopioDetailViewController.h */,
				2A2445E81D39571C0053A2F7 /* PtoAcopioDetailViewController.m */,
				2A2445EA1D395E820053A2F7 /* NeedTableViewCell.h */,
				2A2445EB1D395E820053A2F7 /* NeedTableViewCell.m */,
				2ADD66081D30A56A00383408 /* Main.storyboard */,
				2ADD660B1D30A56A00383408 /* Assets.xcassets */,
				2ADD660D1D30A56A00383408 /* LaunchScreen.storyboard */,
				2ADD66101D30A56A00383408 /* Info.plist */,
				2ADD65FF1D30A56A00383408 /* Supporting Files */,
			);
			path = Eulalia;
			sourceTree = "<group>";
		};
		2ADD65FF1D30A56A00383408 /* Supporting Files */ = {
			isa = PBXGroup;
			children = (
				2ADD66001D30A56A00383408 /* main.m */,
			);
			name = "Supporting Files";
			sourceTree = "<group>";
		};
		2ADD66181D30A56A00383408 /* EulaliaTests */ = {
			isa = PBXGroup;
			children = (
				2ADD66191D30A56A00383408 /* EulaliaTests.m */,
				2ADD661B1D30A56A00383408 /* Info.plist */,
			);
			path = EulaliaTests;
			sourceTree = "<group>";
		};
		2ADD66231D30A56A00383408 /* EulaliaUITests */ = {
			isa = PBXGroup;
			children = (
				2ADD66241D30A56A00383408 /* EulaliaUITests.m */,
				2ADD66261D30A56A00383408 /* Info.plist */,
			);
			path = EulaliaUITests;
			sourceTree = "<group>";
		};
		2ADD66381D30CBD900383408 /* Model */ = {
			isa = PBXGroup;
			children = (
				2ADD66321D30C4E200383408 /* DataService.h */,
				2ADD66331D30C4E200383408 /* DataService.m */,
				2ADD66351D30CBD200383408 /* Emergencia.h */,
				2ADD66361D30CBD200383408 /* Emergencia.m */,
				2A7A42FB1D349F710015D71F /* PuntoAcopio.h */,
				2A7A42FC1D349F710015D71F /* PuntoAcopio.m */,
				2A7A43011D34A3B10015D71F /* Need.h */,
				2A7A43021D34A3B10015D71F /* Need.m */,
				2A7A43041D34A6030015D71F /* Contact.h */,
				2A7A43051D34A6030015D71F /* Contact.m */,
			);
			name = Model;
			sourceTree = "<group>";
		};
		7DD7253468DD7DF6F326375E /* Pods */ = {
			isa = PBXGroup;
			children = (
				EDF9A1A47E07B1E9B3F531A4 /* Pods.debug.xcconfig */,
				77B30196BA1E18B1DC33FE81 /* Pods.release.xcconfig */,
			);
			name = Pods;
			sourceTree = "<group>";
		};
/* End PBXGroup section */

/* Begin PBXNativeTarget section */
		2ADD65FB1D30A56A00383408 /* Eulalia */ = {
			isa = PBXNativeTarget;
			buildConfigurationList = 2ADD66291D30A56A00383408 /* Build configuration list for PBXNativeTarget "Eulalia" */;
			buildPhases = (
				9008CFE08AAABB3AFA6ADD88 /* Check Pods Manifest.lock */,
				2ADD65F81D30A56A00383408 /* Sources */,
				2ADD65F91D30A56A00383408 /* Frameworks */,
				2ADD65FA1D30A56A00383408 /* Resources */,
				2577868C601CB294085AFFE3 /* Embed Pods Frameworks */,
				35DDFA4611A2F38EDD75058A /* Copy Pods Resources */,
			);
			buildRules = (
			);
			dependencies = (
			);
			name = Eulalia;
			productName = Eulalia;
			productReference = 2ADD65FC1D30A56A00383408 /* Eulalia.app */;
			productType = "com.apple.product-type.application";
		};
		2ADD66141D30A56A00383408 /* EulaliaTests */ = {
			isa = PBXNativeTarget;
			buildConfigurationList = 2ADD662C1D30A56A00383408 /* Build configuration list for PBXNativeTarget "EulaliaTests" */;
			buildPhases = (
				2ADD66111D30A56A00383408 /* Sources */,
				2ADD66121D30A56A00383408 /* Frameworks */,
				2ADD66131D30A56A00383408 /* Resources */,
			);
			buildRules = (
			);
			dependencies = (
				2ADD66171D30A56A00383408 /* PBXTargetDependency */,
			);
			name = EulaliaTests;
			productName = EulaliaTests;
			productReference = 2ADD66151D30A56A00383408 /* EulaliaTests.xctest */;
			productType = "com.apple.product-type.bundle.unit-test";
		};
		2ADD661F1D30A56A00383408 /* EulaliaUITests */ = {
			isa = PBXNativeTarget;
			buildConfigurationList = 2ADD662F1D30A56A00383408 /* Build configuration list for PBXNativeTarget "EulaliaUITests" */;
			buildPhases = (
				2ADD661C1D30A56A00383408 /* Sources */,
				2ADD661D1D30A56A00383408 /* Frameworks */,
				2ADD661E1D30A56A00383408 /* Resources */,
			);
			buildRules = (
			);
			dependencies = (
				2ADD66221D30A56A00383408 /* PBXTargetDependency */,
			);
			name = EulaliaUITests;
			productName = EulaliaUITests;
			productReference = 2ADD66201D30A56A00383408 /* EulaliaUITests.xctest */;
			productType = "com.apple.product-type.bundle.ui-testing";
		};
/* End PBXNativeTarget section */

/* Begin PBXProject section */
		2ADD65F41D30A56A00383408 /* Project object */ = {
			isa = PBXProject;
			attributes = {
				LastUpgradeCheck = 0730;
				ORGANIZATIONNAME = Eulalia;
				TargetAttributes = {
					2ADD65FB1D30A56A00383408 = {
						CreatedOnToolsVersion = 7.3.1;
					};
					2ADD66141D30A56A00383408 = {
						CreatedOnToolsVersion = 7.3.1;
						TestTargetID = 2ADD65FB1D30A56A00383408;
					};
					2ADD661F1D30A56A00383408 = {
						CreatedOnToolsVersion = 7.3.1;
						TestTargetID = 2ADD65FB1D30A56A00383408;
					};
				};
			};
			buildConfigurationList = 2ADD65F71D30A56A00383408 /* Build configuration list for PBXProject "Eulalia" */;
			compatibilityVersion = "Xcode 3.2";
			developmentRegion = English;
			hasScannedForEncodings = 0;
			knownRegions = (
				en,
				Base,
			);
			mainGroup = 2ADD65F31D30A56A00383408;
			productRefGroup = 2ADD65FD1D30A56A00383408 /* Products */;
			projectDirPath = "";
			projectRoot = "";
			targets = (
				2ADD65FB1D30A56A00383408 /* Eulalia */,
				2ADD66141D30A56A00383408 /* EulaliaTests */,
				2ADD661F1D30A56A00383408 /* EulaliaUITests */,
			);
		};
/* End PBXProject section */

/* Begin PBXResourcesBuildPhase section */
		2ADD65FA1D30A56A00383408 /* Resources */ = {
			isa = PBXResourcesBuildPhase;
			buildActionMask = 2147483647;
			files = (
				2ADD660F1D30A56A00383408 /* LaunchScreen.storyboard in Resources */,
				2ADD660C1D30A56A00383408 /* Assets.xcassets in Resources */,
				2ADD660A1D30A56A00383408 /* Main.storyboard in Resources */,
			);
			runOnlyForDeploymentPostprocessing = 0;
		};
		2ADD66131D30A56A00383408 /* Resources */ = {
			isa = PBXResourcesBuildPhase;
			buildActionMask = 2147483647;
			files = (
			);
			runOnlyForDeploymentPostprocessing = 0;
		};
		2ADD661E1D30A56A00383408 /* Resources */ = {
			isa = PBXResourcesBuildPhase;
			buildActionMask = 2147483647;
			files = (
			);
			runOnlyForDeploymentPostprocessing = 0;
		};
/* End PBXResourcesBuildPhase section */

/* Begin PBXShellScriptBuildPhase section */
		2577868C601CB294085AFFE3 /* Embed Pods Frameworks */ = {
			isa = PBXShellScriptBuildPhase;
			buildActionMask = 2147483647;
			files = (
			);
			inputPaths = (
			);
			name = "Embed Pods Frameworks";
			outputPaths = (
			);
			runOnlyForDeploymentPostprocessing = 0;
			shellPath = /bin/sh;
			shellScript = "\"${SRCROOT}/Pods/Target Support Files/Pods/Pods-frameworks.sh\"\n";
			showEnvVarsInLog = 0;
		};
		35DDFA4611A2F38EDD75058A /* Copy Pods Resources */ = {
			isa = PBXShellScriptBuildPhase;
			buildActionMask = 2147483647;
			files = (
			);
			inputPaths = (
			);
			name = "Copy Pods Resources";
			outputPaths = (
			);
			runOnlyForDeploymentPostprocessing = 0;
			shellPath = /bin/sh;
			shellScript = "\"${SRCROOT}/Pods/Target Support Files/Pods/Pods-resources.sh\"\n";
			showEnvVarsInLog = 0;
		};
		9008CFE08AAABB3AFA6ADD88 /* Check Pods Manifest.lock */ = {
			isa = PBXShellScriptBuildPhase;
			buildActionMask = 2147483647;
			files = (
			);
			inputPaths = (
			);
			name = "Check Pods Manifest.lock";
			outputPaths = (
			);
			runOnlyForDeploymentPostprocessing = 0;
			shellPath = /bin/sh;
			shellScript = "diff \"${PODS_ROOT}/../Podfile.lock\" \"${PODS_ROOT}/Manifest.lock\" > /dev/null\nif [[ $? != 0 ]] ; then\n    cat << EOM\nerror: The sandbox is not in sync with the Podfile.lock. Run 'pod install' or update your CocoaPods installation.\nEOM\n    exit 1\nfi\n";
			showEnvVarsInLog = 0;
		};
/* End PBXShellScriptBuildPhase section */

/* Begin PBXSourcesBuildPhase section */
		2ADD65F81D30A56A00383408 /* Sources */ = {
			isa = PBXSourcesBuildPhase;
			buildActionMask = 2147483647;
			files = (
				2ADD66371D30CBD200383408 /* Emergencia.m in Sources */,
				2ADD663B1D30DBC100383408 /* PtoAcopioViewController.m in Sources */,
				2ADD66071D30A56A00383408 /* ViewController.m in Sources */,
				2A2445EC1D395E820053A2F7 /* NeedTableViewCell.m in Sources */,
				2ADD66041D30A56A00383408 /* AppDelegate.m in Sources */,
				2A2445E91D39571C0053A2F7 /* PtoAcopioDetailViewController.m in Sources */,
				2A7A42FD1D349F710015D71F /* PuntoAcopio.m in Sources */,
				2A7A43031D34A3B10015D71F /* Need.m in Sources */,
				2ADD66011D30A56A00383408 /* main.m in Sources */,
				2A7A43061D34A6030015D71F /* Contact.m in Sources */,
				2ADD66341D30C4E200383408 /* DataService.m in Sources */,
			);
			runOnlyForDeploymentPostprocessing = 0;
		};
		2ADD66111D30A56A00383408 /* Sources */ = {
			isa = PBXSourcesBuildPhase;
			buildActionMask = 2147483647;
			files = (
				2ADD661A1D30A56A00383408 /* EulaliaTests.m in Sources */,
			);
			runOnlyForDeploymentPostprocessing = 0;
		};
		2ADD661C1D30A56A00383408 /* Sources */ = {
			isa = PBXSourcesBuildPhase;
			buildActionMask = 2147483647;
			files = (
				2ADD66251D30A56A00383408 /* EulaliaUITests.m in Sources */,
			);
			runOnlyForDeploymentPostprocessing = 0;
		};
/* End PBXSourcesBuildPhase section */

/* Begin PBXTargetDependency section */
		2ADD66171D30A56A00383408 /* PBXTargetDependency */ = {
			isa = PBXTargetDependency;
			target = 2ADD65FB1D30A56A00383408 /* Eulalia */;
			targetProxy = 2ADD66161D30A56A00383408 /* PBXContainerItemProxy */;
		};
		2ADD66221D30A56A00383408 /* PBXTargetDependency */ = {
			isa = PBXTargetDependency;
			target = 2ADD65FB1D30A56A00383408 /* Eulalia */;
			targetProxy = 2ADD66211D30A56A00383408 /* PBXContainerItemProxy */;
		};
/* End PBXTargetDependency section */

/* Begin PBXVariantGroup section */
		2ADD66081D30A56A00383408 /* Main.storyboard */ = {
			isa = PBXVariantGroup;
			children = (
				2ADD66091D30A56A00383408 /* Base */,
			);
			name = Main.storyboard;
			sourceTree = "<group>";
		};
		2ADD660D1D30A56A00383408 /* LaunchScreen.storyboard */ = {
			isa = PBXVariantGroup;
			children = (
				2ADD660E1D30A56A00383408 /* Base */,
			);
			name = LaunchScreen.storyboard;
			sourceTree = "<group>";
		};
/* End PBXVariantGroup section */

/* Begin XCBuildConfiguration section */
		2ADD66271D30A56A00383408 /* Debug */ = {
			isa = XCBuildConfiguration;
			buildSettings = {
				ALWAYS_SEARCH_USER_PATHS = NO;
				CLANG_ANALYZER_NONNULL = YES;
				CLANG_CXX_LANGUAGE_STANDARD = "gnu++0x";
				CLANG_CXX_LIBRARY = "libc++";
				CLANG_ENABLE_MODULES = YES;
				CLANG_ENABLE_OBJC_ARC = YES;
				CLANG_WARN_BOOL_CONVERSION = YES;
				CLANG_WARN_CONSTANT_CONVERSION = YES;
				CLANG_WARN_DIRECT_OBJC_ISA_USAGE = YES_ERROR;
				CLANG_WARN_EMPTY_BODY = YES;
				CLANG_WARN_ENUM_CONVERSION = YES;
				CLANG_WARN_INT_CONVERSION = YES;
				CLANG_WARN_OBJC_ROOT_CLASS = YES_ERROR;
				CLANG_WARN_UNREACHABLE_CODE = YES;
				CLANG_WARN__DUPLICATE_METHOD_MATCH = YES;
				"CODE_SIGN_IDENTITY[sdk=iphoneos*]" = "iPhone Developer";
				COPY_PHASE_STRIP = NO;
				DEBUG_INFORMATION_FORMAT = dwarf;
				ENABLE_STRICT_OBJC_MSGSEND = YES;
				ENABLE_TESTABILITY = YES;
				GCC_C_LANGUAGE_STANDARD = gnu99;
				GCC_DYNAMIC_NO_PIC = NO;
				GCC_NO_COMMON_BLOCKS = YES;
				GCC_OPTIMIZATION_LEVEL = 0;
				GCC_PREPROCESSOR_DEFINITIONS = (
					"DEBUG=1",
					"$(inherited)",
				);
				GCC_WARN_64_TO_32_BIT_CONVERSION = YES;
				GCC_WARN_ABOUT_RETURN_TYPE = YES_ERROR;
				GCC_WARN_UNDECLARED_SELECTOR = YES;
				GCC_WARN_UNINITIALIZED_AUTOS = YES_AGGRESSIVE;
				GCC_WARN_UNUSED_FUNCTION = YES;
				GCC_WARN_UNUSED_VARIABLE = YES;
				IPHONEOS_DEPLOYMENT_TARGET = 9.3;
				MTL_ENABLE_DEBUG_INFO = YES;
				ONLY_ACTIVE_ARCH = YES;
				SDKROOT = iphoneos;
			};
			name = Debug;
		};
		2ADD66281D30A56A00383408 /* Release */ = {
			isa = XCBuildConfiguration;
			buildSettings = {
				ALWAYS_SEARCH_USER_PATHS = NO;
				CLANG_ANALYZER_NONNULL = YES;
				CLANG_CXX_LANGUAGE_STANDARD = "gnu++0x";
				CLANG_CXX_LIBRARY = "libc++";
				CLANG_ENABLE_MODULES = YES;
				CLANG_ENABLE_OBJC_ARC = YES;
				CLANG_WARN_BOOL_CONVERSION = YES;
				CLANG_WARN_CONSTANT_CONVERSION = YES;
				CLANG_WARN_DIRECT_OBJC_ISA_USAGE = YES_ERROR;
				CLANG_WARN_EMPTY_BODY = YES;
				CLANG_WARN_ENUM_CONVERSION = YES;
				CLANG_WARN_INT_CONVERSION = YES;
				CLANG_WARN_OBJC_ROOT_CLASS = YES_ERROR;
				CLANG_WARN_UNREACHABLE_CODE = YES;
				CLANG_WARN__DUPLICATE_METHOD_MATCH = YES;
				"CODE_SIGN_IDENTITY[sdk=iphoneos*]" = "iPhone Developer";
				COPY_PHASE_STRIP = NO;
				DEBUG_INFORMATION_FORMAT = "dwarf-with-dsym";
				ENABLE_NS_ASSERTIONS = NO;
				ENABLE_STRICT_OBJC_MSGSEND = YES;
				GCC_C_LANGUAGE_STANDARD = gnu99;
				GCC_NO_COMMON_BLOCKS = YES;
				GCC_WARN_64_TO_32_BIT_CONVERSION = YES;
				GCC_WARN_ABOUT_RETURN_TYPE = YES_ERROR;
				GCC_WARN_UNDECLARED_SELECTOR = YES;
				GCC_WARN_UNINITIALIZED_AUTOS = YES_AGGRESSIVE;
				GCC_WARN_UNUSED_FUNCTION = YES;
				GCC_WARN_UNUSED_VARIABLE = YES;
				IPHONEOS_DEPLOYMENT_TARGET = 9.3;
				MTL_ENABLE_DEBUG_INFO = NO;
				SDKROOT = iphoneos;
				VALIDATE_PRODUCT = YES;
			};
			name = Release;
		};
		2ADD662A1D30A56A00383408 /* Debug */ = {
			isa = XCBuildConfiguration;
			baseConfigurationReference = EDF9A1A47E07B1E9B3F531A4 /* Pods.debug.xcconfig */;
			buildSettings = {
				ASSETCATALOG_COMPILER_APPICON_NAME = AppIcon;
				INFOPLIST_FILE = Eulalia/Info.plist;
				LD_RUNPATH_SEARCH_PATHS = "$(inherited) @executable_path/Frameworks";
				PRODUCT_BUNDLE_IDENTIFIER = com.cegonya.Eulalia;
				PRODUCT_NAME = "$(TARGET_NAME)";
			};
			name = Debug;
		};
		2ADD662B1D30A56A00383408 /* Release */ = {
			isa = XCBuildConfiguration;
			baseConfigurationReference = 77B30196BA1E18B1DC33FE81 /* Pods.release.xcconfig */;
			buildSettings = {
				ASSETCATALOG_COMPILER_APPICON_NAME = AppIcon;
				INFOPLIST_FILE = Eulalia/Info.plist;
				LD_RUNPATH_SEARCH_PATHS = "$(inherited) @executable_path/Frameworks";
				PRODUCT_BUNDLE_IDENTIFIER = com.cegonya.Eulalia;
				PRODUCT_NAME = "$(TARGET_NAME)";
			};
			name = Release;
		};
		2ADD662D1D30A56A00383408 /* Debug */ = {
			isa = XCBuildConfiguration;
			buildSettings = {
				BUNDLE_LOADER = "$(TEST_HOST)";
				INFOPLIST_FILE = EulaliaTests/Info.plist;
				LD_RUNPATH_SEARCH_PATHS = "$(inherited) @executable_path/Frameworks @loader_path/Frameworks";
				PRODUCT_BUNDLE_IDENTIFIER = com.cegonya.EulaliaTests;
				PRODUCT_NAME = "$(TARGET_NAME)";
				TEST_HOST = "$(BUILT_PRODUCTS_DIR)/Eulalia.app/Eulalia";
			};
			name = Debug;
		};
		2ADD662E1D30A56A00383408 /* Release */ = {
			isa = XCBuildConfiguration;
			buildSettings = {
				BUNDLE_LOADER = "$(TEST_HOST)";
				INFOPLIST_FILE = EulaliaTests/Info.plist;
				LD_RUNPATH_SEARCH_PATHS = "$(inherited) @executable_path/Frameworks @loader_path/Frameworks";
				PRODUCT_BUNDLE_IDENTIFIER = com.cegonya.EulaliaTests;
				PRODUCT_NAME = "$(TARGET_NAME)";
				TEST_HOST = "$(BUILT_PRODUCTS_DIR)/Eulalia.app/Eulalia";
			};
			name = Release;
		};
		2ADD66301D30A56A00383408 /* Debug */ = {
			isa = XCBuildConfiguration;
			buildSettings = {
				INFOPLIST_FILE = EulaliaUITests/Info.plist;
				LD_RUNPATH_SEARCH_PATHS = "$(inherited) @executable_path/Frameworks @loader_path/Frameworks";
				PRODUCT_BUNDLE_IDENTIFIER = com.cegonya.EulaliaUITests;
				PRODUCT_NAME = "$(TARGET_NAME)";
				TEST_TARGET_NAME = Eulalia;
			};
			name = Debug;
		};
		2ADD66311D30A56A00383408 /* Release */ = {
			isa = XCBuildConfiguration;
			buildSettings = {
				INFOPLIST_FILE = EulaliaUITests/Info.plist;
				LD_RUNPATH_SEARCH_PATHS = "$(inherited) @executable_path/Frameworks @loader_path/Frameworks";
				PRODUCT_BUNDLE_IDENTIFIER = com.cegonya.EulaliaUITests;
				PRODUCT_NAME = "$(TARGET_NAME)";
				TEST_TARGET_NAME = Eulalia;
			};
			name = Release;
		};
/* End XCBuildConfiguration section */

/* Begin XCConfigurationList section */
		2ADD65F71D30A56A00383408 /* Build configuration list for PBXProject "Eulalia" */ = {
			isa = XCConfigurationList;
			buildConfigurations = (
				2ADD66271D30A56A00383408 /* Debug */,
				2ADD66281D30A56A00383408 /* Release */,
			);
			defaultConfigurationIsVisible = 0;
			defaultConfigurationName = Release;
		};
		2ADD66291D30A56A00383408 /* Build configuration list for PBXNativeTarget "Eulalia" */ = {
			isa = XCConfigurationList;
			buildConfigurations = (
				2ADD662A1D30A56A00383408 /* Debug */,
				2ADD662B1D30A56A00383408 /* Release */,
			);
			defaultConfigurationIsVisible = 0;
			defaultConfigurationName = Release;
		};
		2ADD662C1D30A56A00383408 /* Build configuration list for PBXNativeTarget "EulaliaTests" */ = {
			isa = XCConfigurationList;
			buildConfigurations = (
				2ADD662D1D30A56A00383408 /* Debug */,
				2ADD662E1D30A56A00383408 /* Release */,
			);
			defaultConfigurationIsVisible = 0;
			defaultConfigurationName = Release;
		};
		2ADD662F1D30A56A00383408 /* Build configuration list for PBXNativeTarget "EulaliaUITests" */ = {
			isa = XCConfigurationList;
			buildConfigurations = (
				2ADD66301D30A56A00383408 /* Debug */,
				2ADD66311D30A56A00383408 /* Release */,
			);
			defaultConfigurationIsVisible = 0;
			defaultConfigurationName = Release;
		};
/* End XCConfigurationList section */
	};
	rootObject = 2ADD65F41D30A56A00383408 /* Project object */;
}
